
Microsoft Visual Studio Solution File, Format Version 12.00
# Visual Studio Version 17
VisualStudioVersion = 17.4.33103.184
MinimumVisualStudioVersion = 10.0.40219.1
Project("{FAE04EC0-301F-11D3-BF4B-00C04F79EFBC}") = "Newapp", "Buildapps\Newapp.csproj", "{7EEDCFCA-DF84-44B2-8F99-7B2C9EB4EF7C}"
EndProject
Global
	GlobalSection(SolutionConfigurationPlatforms) = preSolution
		Debug|Any CPU = Debug|Any CPU
		Release|Any CPU = Release|Any CPU
	EndGlobalSection
	GlobalSection(ProjectConfigurationPlatforms) = postSolution
		{7EEDCFCA-DF84-44B2-8F99-7B2C9EB4EF7C}.Debug|Any CPU.ActiveCfg = Debug|Any CPU
		{7EEDCFCA-DF84-44B2-8F99-7B2C9EB4EF7C}.Debug|Any CPU.Build.0 = Debug|Any CPU
		{7EEDCFCA-DF84-44B2-8F99-7B2C9EB4EF7C}.Release|Any CPU.ActiveCfg = Release|Any CPU
		{7EEDCFCA-DF84-44B2-8F99-7B2C9EB4EF7C}.Release|Any CPU.Build.0 = Release|Any CPU
	EndGlobalSection
	GlobalSection(SolutionProperties) = preSolution
		HideSolutionNode = FALSE
	EndGlobalSection
	GlobalSection(ExtensibilityGlobals) = postSolution
		SolutionGuid = {D554BE59-06F4-4307-A341-B8AC68C43B87}
	EndGlobalSection
EndGlobal
